
Microsoft Visual Studio Solution File, Format Version 12.00
# Visual Studio 15
Project("{FAE04EC0-301F-11D3-BF4B-00C04F79EFBC}") = "chatClientNetworking", "chatClientNetworking.csproj", "{971437D6-4F56-48E2-B54A-5BC2AA86843D}"
EndProject
Global
	GlobalSection(SolutionConfigurationPlatforms) = preSolution
		Debug|Any CPU = Debug|Any CPU
		Release|Any CPU = Release|Any CPU
	EndGlobalSection
	GlobalSection(ProjectConfigurationPlatforms) = postSolution
		{971437D6-4F56-48E2-B54A-5BC2AA86843D}.Debug|Any CPU.ActiveCfg = Debug|Any CPU
		{971437D6-4F56-48E2-B54A-5BC2AA86843D}.Debug|Any CPU.Build.0 = Debug|Any CPU
		{971437D6-4F56-48E2-B54A-5BC2AA86843D}.Release|Any CPU.ActiveCfg = Release|Any CPU
		{971437D6-4F56-48E2-B54A-5BC2AA86843D}.Release|Any CPU.Build.0 = Release|Any CPU
	EndGlobalSection
EndGlobal
